# This file is autogenerated, do not edit; changes may be undone by the next 'dep ensure'.


[[projects]]
  name = "github.com/satori/go.uuid"
  packages = ["."]
  revision = "f58768cc1a7a7e77a3bd49e98cdd21419399b6a3"
  version = "v1.2.0"

[[projects]]
  branch = "master"
  name = "github.com/streadway/amqp"
  packages = ["."]
  revision = "8e4aba63da9fc5571e01c6a45dc809a58cbc5a68"

[[projects]]
  name = "gopkg.in/go-playground/assert.v1"
  packages = ["."]
  revision = "4f4dfbc7d1c48336cf93399deae81aa9067e88af"
  version = "v1.2.1"

[solve-meta]
  analyzer-name = "dep"
  analyzer-version = 1
  inputs-digest = "712ac83cad6e416b150f300853abbfe3672f8a6b5ca4ec1144689af4a49ad7ba"
  solver-name = "gps-cdcl"
  solver-version = 1
